{
  "name": "pattern-collector-anyjs",
  "version": "1.6.2",
  "lockfileVersion": 3,
  "requires": true,
  "packages": {
    "": {
      "name": "pattern-collector-anyjs",
      "version": "1.6.2",
      "workspaces": [
        "../pattern-collector",
        "../pattern-collector-anyjs-extract",
        "../pattern-collector-anyjs-matches",
        "../pattern-collector-anyjs-pull-lines",
        "../pattern-collector-base-regex"
      ],
      "dependencies": {
        "pattern-collector-anyjs-build-story": "^1.2.1",
        "pattern-collector-anyjs-pull-lines": "^1.5.3"
      }
    },
    "../pattern-collector": {
      "version": "1.5.10"
    },
    "../pattern-collector-anyjs-extract": {
      "version": "1.2.3",
      "dependencies": {
        "pattern-collector-anyjs-matches": "^1.2.1",
        "pattern-collector-base-regex": "^1.2.1"
      }
    },
    "../pattern-collector-anyjs-matches": {
      "version": "1.2.1",
      "dependencies": {
        "pattern-collector": "^1.5.10"
      }
    },
    "../pattern-collector-anyjs-pull-lines": {
      "version": "1.5.3",
      "dependencies": {
        "pattern-collector-anyjs-extract": "^1.2.3"
      }
    },
    "../pattern-collector-base-regex": {
      "version": "1.2.1"
    },
    "node_modules/pattern-collector": {
      "resolved": "../pattern-collector",
      "link": true
    },
    "node_modules/pattern-collector-anyjs-build-story": {
      "version": "1.2.1",
      "resolved": "https://registry.npmjs.org/pattern-collector-anyjs-build-story/-/pattern-collector-anyjs-build-story-1.2.1.tgz",
      "integrity": "sha512-8YzqfxXAKWffmrI6o9k+ainujJhiAuobH1V3i4gLDToxRqA72bsjLHHiEn4JrlWlonv2hWznCeiZW2MNj+czmQ=="
    },
    "node_modules/pattern-collector-anyjs-extract": {
      "resolved": "../pattern-collector-anyjs-extract",
      "link": true
    },
    "node_modules/pattern-collector-anyjs-matches": {
      "resolved": "../pattern-collector-anyjs-matches",
      "link": true
    },
    "node_modules/pattern-collector-anyjs-pull-lines": {
      "resolved": "../pattern-collector-anyjs-pull-lines",
      "link": true
    },
    "node_modules/pattern-collector-base-regex": {
      "resolved": "../pattern-collector-base-regex",
      "link": true
    }
  }
}
