{
  "name": "pattern-collector-anyjs",
  "version": "1.9.11",
  "lockfileVersion": 3,
  "requires": true,
  "packages": {
    "": {
      "name": "pattern-collector-anyjs",
      "version": "1.9.11",
      "dependencies": {
        "pattern-collector-anyjs-build-story": "^1.9.4",
        "pattern-collector-anyjs-pull-lines": "^1.14.1"
      }
    },
    "node_modules/pattern-collector": {
      "version": "1.5.20",
      "resolved": "https://registry.npmjs.org/pattern-collector/-/pattern-collector-1.5.20.tgz",
      "integrity": "sha512-uHg7mow2qAGo78giXCKbfHoJtJ6xQamL6o+Cs4v3zGv7UfYpPC6//X3tmq09QJy6vmf+axpjviVLa8dM5ccGCA=="
    },
    "node_modules/pattern-collector-anyjs-build-story": {
      "version": "1.9.4",
      "resolved": "https://registry.npmjs.org/pattern-collector-anyjs-build-story/-/pattern-collector-anyjs-build-story-1.9.4.tgz",
      "integrity": "sha512-ChQpd/3cxSxtAMhaKxQmzViVCBM8rbwrS/wPls8QU/65P60rTGP3EPQ5MqKcNgjGvlJEkc3P20hHwuKxzhGxNA=="
    },
    "node_modules/pattern-collector-anyjs-pull-lines": {
      "version": "1.14.1",
      "resolved": "https://registry.npmjs.org/pattern-collector-anyjs-pull-lines/-/pattern-collector-anyjs-pull-lines-1.14.1.tgz",
      "integrity": "sha512-OxraGs6VO0Xe3tIUgS/uxeK0/DquNd3uw8HiX9NLYWqslYRIU2AJBck1KWRLTuhvUFMCKjtrUj5x4oI54VHdyQ==",
      "dependencies": {
        "pattern-collector": "^1.5.19",
        "pattern-collector-anyjs-pull-lines-all": "^1.4.1"
      }
    },
    "node_modules/pattern-collector-anyjs-pull-lines-all": {
      "version": "1.4.1",
      "resolved": "https://registry.npmjs.org/pattern-collector-anyjs-pull-lines-all/-/pattern-collector-anyjs-pull-lines-all-1.4.1.tgz",
      "integrity": "sha512-kyOTk0XrbVFk3NrjFUhx0ctclMaieVHwutdfcS456lnA1llQqBesju9aN2eU4bhgCBGTIN4uP/W1XQMIPWQoEw=="
    }
  }
}
