{
  "name": "pattern-collector-anyjs",
  "version": "1.6.4",
  "lockfileVersion": 3,
  "requires": true,
  "packages": {
    "": {
      "name": "pattern-collector-anyjs",
      "version": "1.6.4",
      "workspaces": [
        "../pattern-collector",
        "../pattern-collector-anyjs-extract",
        "../pattern-collector-anyjs-matches",
        "../pattern-collector-anyjs-pull-lines",
        "../pattern-collector-base-regex"
      ],
      "dependencies": {
        "pattern-collector-anyjs-build-story": "^1.3.2",
        "pattern-collector-anyjs-pull-lines": "^1.5.3"
      }
    },
    "../pattern-collector": {
      "version": "1.5.19"
    },
    "../pattern-collector-anyjs-extract": {
      "version": "1.2.3",
      "dependencies": {
        "pattern-collector-anyjs-matches": "^1.2.1",
        "pattern-collector-base-regex": "^1.2.1"
      }
    },
    "../pattern-collector-anyjs-matches": {
      "version": "1.2.4",
      "dependencies": {
        "pattern-collector": "^1.5.19"
      }
    },
    "../pattern-collector-anyjs-pull-lines": {
      "version": "1.5.3",
      "dependencies": {
        "pattern-collector-anyjs-extract": "^1.2.3"
      }
    },
    "../pattern-collector-base-regex": {
      "version": "1.2.1"
    },
    "node_modules/pattern-collector": {
      "resolved": "../pattern-collector",
      "link": true
    },
    "node_modules/pattern-collector-anyjs-build-story": {
      "version": "1.3.2",
      "resolved": "https://registry.npmjs.org/pattern-collector-anyjs-build-story/-/pattern-collector-anyjs-build-story-1.3.2.tgz",
      "integrity": "sha512-v4zVaOaJwgHj06ju6g0ywtqcLb5ox0tYLlM/cxoyogQ5GL/mHVF3p5BufnV855JQ7vBnJC4w2AQ139zQ/BXoOQ=="
    },
    "node_modules/pattern-collector-anyjs-extract": {
      "resolved": "../pattern-collector-anyjs-extract",
      "link": true
    },
    "node_modules/pattern-collector-anyjs-matches": {
      "resolved": "../pattern-collector-anyjs-matches",
      "link": true
    },
    "node_modules/pattern-collector-anyjs-pull-lines": {
      "resolved": "../pattern-collector-anyjs-pull-lines",
      "link": true
    },
    "node_modules/pattern-collector-base-regex": {
      "resolved": "../pattern-collector-base-regex",
      "link": true
    }
  }
}
